{
  "name": "aws-node-http-api-project",
  "lockfileVersion": 3,
  "requires": true,
  "packages": {
    "": {
      "dependencies": {
        "node-qpdf2": "^6.0.0"
      }
    },
    "node_modules/node-qpdf2": {
      "version": "6.0.0",
      "resolved": "https://registry.npmjs.org/node-qpdf2/-/node-qpdf2-6.0.0.tgz",
      "integrity": "sha512-ys8KADQ7xx7K6cgtjDjfvsjRQA0gUWxiynTvvzSxTpRnUpA0KADPx/HRt67dJGIj69t76rz4aQl8OEd67yTX/g==",
      "engines": {
        "node": ">=16"
      }
    }
  }
}
